
Microsoft Visual Studio Solution File, Format Version 12.00
# Visual Studio Version 16
VisualStudioVersion = 16.0.31613.86
MinimumVisualStudioVersion = 10.0.40219.1
Project("{FAE04EC0-301F-11D3-BF4B-00C04F79EFBC}") = "PAYE.API", "PAYE.API.csproj", "{3740D5BE-8481-4D7C-BC4F-C667309FA1A7}"
EndProject
Global
	GlobalSection(SolutionConfigurationPlatforms) = preSolution
		Debug|Any CPU = Debug|Any CPU
		Release|Any CPU = Release|Any CPU
	EndGlobalSection
	GlobalSection(ProjectConfigurationPlatforms) = postSolution
		{3740D5BE-8481-4D7C-BC4F-C667309FA1A7}.Debug|Any CPU.ActiveCfg = Debug|Any CPU
		{3740D5BE-8481-4D7C-BC4F-C667309FA1A7}.Debug|Any CPU.Build.0 = Debug|Any CPU
		{3740D5BE-8481-4D7C-BC4F-C667309FA1A7}.Release|Any CPU.ActiveCfg = Release|Any CPU
		{3740D5BE-8481-4D7C-BC4F-C667309FA1A7}.Release|Any CPU.Build.0 = Release|Any CPU
	EndGlobalSection
	GlobalSection(SolutionProperties) = preSolution
		HideSolutionNode = FALSE
	EndGlobalSection
	GlobalSection(ExtensibilityGlobals) = postSolution
		SolutionGuid = {C79C8CE6-9B88-469B-918F-817AD457DC6A}
	EndGlobalSection
EndGlobal
